// !$*UTF8*$!
{
	archiveVersion = 1;
	classes = {
	};
	objectVersion = 46;
	objects = {

/* Begin PBXBuildFile section */
		F48F8418158B2A9600396884 /* main.cpp in Sources */ = {isa = PBXBuildFile; fileRef = F48F8417158B2A9600396884 /* main.cpp */; };
		F48F841A158B2A9600396884 /* jellyphysics.1 in CopyFiles */ = {isa = PBXBuildFile; fileRef = F48F8419158B2A9600396884 /* jellyphysics.1 */; };
/* End PBXBuildFile section */

/* Begin PBXCopyFilesBuildPhase section */
		F48F8411158B2A9600396884 /* CopyFiles */ = {
			isa = PBXCopyFilesBuildPhase;
			buildActionMask = 2147483647;
			dstPath = /usr/share/man/man1/;
			dstSubfolderSpec = 0;
			files = (
				F48F841A158B2A9600396884 /* jellyphysics.1 in CopyFiles */,
			);
			runOnlyForDeploymentPostprocessing = 1;
		};
/* End PBXCopyFilesBuildPhase section */

/* Begin PBXFileReference section */
		F48F8413158B2A9600396884 /* jellyphysics */ = {isa = PBXFileReference; explicitFileType = "compiled.mach-o.executable"; includeInIndex = 0; path = jellyphysics; sourceTree = BUILT_PRODUCTS_DIR; };
		F48F8417158B2A9600396884 /* main.cpp */ = {isa = PBXFileReference; lastKnownFileType = sourcecode.cpp.cpp; path = main.cpp; sourceTree = "<group>"; };
		F48F8419158B2A9600396884 /* jellyphysics.1 */ = {isa = PBXFileReference; lastKnownFileType = text.man; path = jellyphysics.1; sourceTree = "<group>"; };
/* End PBXFileReference section */

/* Begin PBXFrameworksBuildPhase section */
		F48F8410158B2A9600396884 /* Frameworks */ = {
			isa = PBXFrameworksBuildPhase;
			buildActionMask = 2147483647;
			files = (
			);
			runOnlyForDeploymentPostprocessing = 0;
		};
/* End PBXFrameworksBuildPhase section */

/* Begin PBXGroup section */
		F48F8408158B2A9600396884 = {
			isa = PBXGroup;
			children = (
				F48F8416158B2A9600396884 /* jellyphysics */,
				F48F8414158B2A9600396884 /* Products */,
			);
			sourceTree = "<group>";
		};
		F48F8414158B2A9600396884 /* Products */ = {
			isa = PBXGroup;
			children = (
				F48F8413158B2A9600396884 /* jellyphysics */,
			);
			name = Products;
			sourceTree = "<group>";
		};
		F48F8416158B2A9600396884 /* jellyphysics */ = {
			isa = PBXGroup;
			children = (
				F48F8417158B2A9600396884 /* main.cpp */,
				F48F8419158B2A9600396884 /* jellyphysics.1 */,
			);
			path = jellyphysics;
			sourceTree = "<group>";
		};
/* End PBXGroup section */

/* Begin PBXNativeTarget section */
		F48F8412158B2A9600396884 /* jellyphysics */ = {
			isa = PBXNativeTarget;
			buildConfigurationList = F48F841D158B2A9600396884 /* Build configuration list for PBXNativeTarget "jellyphysics" */;
			buildPhases = (
				F48F840F158B2A9600396884 /* Sources */,
				F48F8410158B2A9600396884 /* Frameworks */,
				F48F8411158B2A9600396884 /* CopyFiles */,
			);
			buildRules = (
			);
			dependencies = (
			);
			name = jellyphysics;
			productName = jellyphysics;
			productReference = F48F8413158B2A9600396884 /* jellyphysics */;
			productType = "com.apple.product-type.tool";
		};
/* End PBXNativeTarget section */

/* Begin PBXProject section */
		F48F840A158B2A9600396884 /* Project object */ = {
			isa = PBXProject;
			attributes = {
				LastUpgradeCheck = 0430;
			};
			buildConfigurationList = F48F840D158B2A9600396884 /* Build configuration list for PBXProject "jellyphysics" */;
			compatibilityVersion = "Xcode 3.2";
			developmentRegion = English;
			hasScannedForEncodings = 0;
			knownRegions = (
				en,
			);
			mainGroup = F48F8408158B2A9600396884;
			productRefGroup = F48F8414158B2A9600396884 /* Products */;
			projectDirPath = "";
			projectRoot = "";
			targets = (
				F48F8412158B2A9600396884 /* jellyphysics */,
			);
		};
/* End PBXProject section */

/* Begin PBXSourcesBuildPhase section */
		F48F840F158B2A9600396884 /* Sources */ = {
			isa = PBXSourcesBuildPhase;
			buildActionMask = 2147483647;
			files = (
				F48F8418158B2A9600396884 /* main.cpp in Sources */,
			);
			runOnlyForDeploymentPostprocessing = 0;
		};
/* End PBXSourcesBuildPhase section */

/* Begin XCBuildConfiguration section */
		F48F841B158B2A9600396884 /* Debug */ = {
			isa = XCBuildConfiguration;
			buildSettings = {
				ALWAYS_SEARCH_USER_PATHS = NO;
				ARCHS = "$(ARCHS_STANDARD_64_BIT)";
				COPY_PHASE_STRIP = NO;
				GCC_C_LANGUAGE_STANDARD = gnu99;
				GCC_DYNAMIC_NO_PIC = NO;
				GCC_ENABLE_OBJC_EXCEPTIONS = YES;
				GCC_OPTIMIZATION_LEVEL = 0;
				GCC_PREPROCESSOR_DEFINITIONS = (
					"DEBUG=1",
					"$(inherited)",
				);
				GCC_SYMBOLS_PRIVATE_EXTERN = NO;
				GCC_VERSION = com.apple.compilers.llvm.clang.1_0;
				GCC_WARN_64_TO_32_BIT_CONVERSION = YES;
				GCC_WARN_ABOUT_RETURN_TYPE = YES;
				GCC_WARN_UNINITIALIZED_AUTOS = YES;
				GCC_WARN_UNUSED_VARIABLE = YES;
				MACOSX_DEPLOYMENT_TARGET = 10.7;
				ONLY_ACTIVE_ARCH = YES;
				SDKROOT = macosx;
			};
			name = Debug;
		};
		F48F841C158B2A9600396884 /* Release */ = {
			isa = XCBuildConfiguration;
			buildSettings = {
				ALWAYS_SEARCH_USER_PATHS = NO;
				ARCHS = "$(ARCHS_STANDARD_64_BIT)";
				COPY_PHASE_STRIP = YES;
				DEBUG_INFORMATION_FORMAT = "dwarf-with-dsym";
				GCC_C_LANGUAGE_STANDARD = gnu99;
				GCC_ENABLE_OBJC_EXCEPTIONS = YES;
				GCC_VERSION = com.apple.compilers.llvm.clang.1_0;
				GCC_WARN_64_TO_32_BIT_CONVERSION = YES;
				GCC_WARN_ABOUT_RETURN_TYPE = YES;
				GCC_WARN_UNINITIALIZED_AUTOS = YES;
				GCC_WARN_UNUSED_VARIABLE = YES;
				MACOSX_DEPLOYMENT_TARGET = 10.7;
				SDKROOT = macosx;
			};
			name = Release;
		};
		F48F841E158B2A9600396884 /* Debug */ = {
			isa = XCBuildConfiguration;
			buildSettings = {
				PRODUCT_NAME = "$(TARGET_NAME)";
			};
			name = Debug;
		};
		F48F841F158B2A9600396884 /* Release */ = {
			isa = XCBuildConfiguration;
			buildSettings = {
				PRODUCT_NAME = "$(TARGET_NAME)";
			};
			name = Release;
		};
/* End XCBuildConfiguration section */

/* Begin XCConfigurationList section */
		F48F840D158B2A9600396884 /* Build configuration list for PBXProject "jellyphysics" */ = {
			isa = XCConfigurationList;
			buildConfigurations = (
				F48F841B158B2A9600396884 /* Debug */,
				F48F841C158B2A9600396884 /* Release */,
			);
			defaultConfigurationIsVisible = 0;
			defaultConfigurationName = Release;
		};
		F48F841D158B2A9600396884 /* Build configuration list for PBXNativeTarget "jellyphysics" */ = {
			isa = XCConfigurationList;
			buildConfigurations = (
				F48F841E158B2A9600396884 /* Debug */,
				F48F841F158B2A9600396884 /* Release */,
			);
			defaultConfigurationIsVisible = 0;
		};
/* End XCConfigurationList section */
	};
	rootObject = F48F840A158B2A9600396884 /* Project object */;
}
