// !$*UTF8*$!
{
	archiveVersion = 1;
	classes = {
	};
	objectVersion = 46;
	objects = {

/* Begin PBXBuildFile section */
		F48F8418158B2A9600396884 /* main.cpp in Sources */ = {isa = PBXBuildFile; fileRef = F48F8417158B2A9600396884 /* main.cpp */; };
		F48F845C158B2B0F00396884 /* AABB.cpp in Sources */ = {isa = PBXBuildFile; fileRef = F48F8445158B2B0F00396884 /* AABB.cpp */; };
		F48F845D158B2B0F00396884 /* Body.cpp in Sources */ = {isa = PBXBuildFile; fileRef = F48F8448158B2B0F00396884 /* Body.cpp */; };
		F48F845E158B2B0F00396884 /* ClosedShape.cpp in Sources */ = {isa = PBXBuildFile; fileRef = F48F844A158B2B0F00396884 /* ClosedShape.cpp */; };
		F48F845F158B2B0F00396884 /* InternalSpring.cpp in Sources */ = {isa = PBXBuildFile; fileRef = F48F844C158B2B0F00396884 /* InternalSpring.cpp */; };
		F48F8460158B2B0F00396884 /* PointMass.cpp in Sources */ = {isa = PBXBuildFile; fileRef = F48F8450158B2B0F00396884 /* PointMass.cpp */; };
		F48F8461158B2B0F00396884 /* PressureBody.cpp in Sources */ = {isa = PBXBuildFile; fileRef = F48F8452158B2B0F00396884 /* PressureBody.cpp */; };
		F48F8462158B2B0F00396884 /* SpringBody.cpp in Sources */ = {isa = PBXBuildFile; fileRef = F48F8454158B2B0F00396884 /* SpringBody.cpp */; };
		F48F8463158B2B0F00396884 /* Vector2.cpp in Sources */ = {isa = PBXBuildFile; fileRef = F48F8456158B2B0F00396884 /* Vector2.cpp */; };
		F48F8464158B2B0F00396884 /* VectorTools.cpp in Sources */ = {isa = PBXBuildFile; fileRef = F48F8458158B2B0F00396884 /* VectorTools.cpp */; };
		F48F8465158B2B0F00396884 /* World.cpp in Sources */ = {isa = PBXBuildFile; fileRef = F48F845A158B2B0F00396884 /* World.cpp */; };
/* End PBXBuildFile section */

/* Begin PBXCopyFilesBuildPhase section */
		F48F8411158B2A9600396884 /* CopyFiles */ = {
			isa = PBXCopyFilesBuildPhase;
			buildActionMask = 2147483647;
			dstPath = /usr/share/man/man1/;
			dstSubfolderSpec = 0;
			files = (
			);
			runOnlyForDeploymentPostprocessing = 1;
		};
/* End PBXCopyFilesBuildPhase section */

/* Begin PBXFileReference section */
		F48F8413158B2A9600396884 /* jellyphysics */ = {isa = PBXFileReference; explicitFileType = "compiled.mach-o.executable"; includeInIndex = 0; path = jellyphysics; sourceTree = BUILT_PRODUCTS_DIR; };
		F48F8417158B2A9600396884 /* main.cpp */ = {isa = PBXFileReference; lastKnownFileType = sourcecode.cpp.cpp; path = main.cpp; sourceTree = "<group>"; };
		F48F8445158B2B0F00396884 /* AABB.cpp */ = {isa = PBXFileReference; fileEncoding = 4; lastKnownFileType = sourcecode.cpp.cpp; path = AABB.cpp; sourceTree = "<group>"; };
		F48F8446158B2B0F00396884 /* AABB.h */ = {isa = PBXFileReference; fileEncoding = 4; lastKnownFileType = sourcecode.c.h; path = AABB.h; sourceTree = "<group>"; };
		F48F8447158B2B0F00396884 /* Bitmask.h */ = {isa = PBXFileReference; fileEncoding = 4; lastKnownFileType = sourcecode.c.h; path = Bitmask.h; sourceTree = "<group>"; };
		F48F8448158B2B0F00396884 /* Body.cpp */ = {isa = PBXFileReference; fileEncoding = 4; lastKnownFileType = sourcecode.cpp.cpp; path = Body.cpp; sourceTree = "<group>"; };
		F48F8449158B2B0F00396884 /* Body.h */ = {isa = PBXFileReference; fileEncoding = 4; lastKnownFileType = sourcecode.c.h; path = Body.h; sourceTree = "<group>"; };
		F48F844A158B2B0F00396884 /* ClosedShape.cpp */ = {isa = PBXFileReference; fileEncoding = 4; lastKnownFileType = sourcecode.cpp.cpp; path = ClosedShape.cpp; sourceTree = "<group>"; };
		F48F844B158B2B0F00396884 /* ClosedShape.h */ = {isa = PBXFileReference; fileEncoding = 4; lastKnownFileType = sourcecode.c.h; path = ClosedShape.h; sourceTree = "<group>"; };
		F48F844C158B2B0F00396884 /* InternalSpring.cpp */ = {isa = PBXFileReference; fileEncoding = 4; lastKnownFileType = sourcecode.cpp.cpp; path = InternalSpring.cpp; sourceTree = "<group>"; };
		F48F844D158B2B0F00396884 /* InternalSpring.h */ = {isa = PBXFileReference; fileEncoding = 4; lastKnownFileType = sourcecode.c.h; path = InternalSpring.h; sourceTree = "<group>"; };
		F48F844E158B2B0F00396884 /* JellyPhysics.h */ = {isa = PBXFileReference; fileEncoding = 4; lastKnownFileType = sourcecode.c.h; path = JellyPhysics.h; sourceTree = "<group>"; };
		F48F844F158B2B0F00396884 /* JellyPrerequisites.h */ = {isa = PBXFileReference; fileEncoding = 4; lastKnownFileType = sourcecode.c.h; path = JellyPrerequisites.h; sourceTree = "<group>"; };
		F48F8450158B2B0F00396884 /* PointMass.cpp */ = {isa = PBXFileReference; fileEncoding = 4; lastKnownFileType = sourcecode.cpp.cpp; path = PointMass.cpp; sourceTree = "<group>"; };
		F48F8451158B2B0F00396884 /* PointMass.h */ = {isa = PBXFileReference; fileEncoding = 4; lastKnownFileType = sourcecode.c.h; path = PointMass.h; sourceTree = "<group>"; };
		F48F8452158B2B0F00396884 /* PressureBody.cpp */ = {isa = PBXFileReference; fileEncoding = 4; lastKnownFileType = sourcecode.cpp.cpp; path = PressureBody.cpp; sourceTree = "<group>"; };
		F48F8453158B2B0F00396884 /* PressureBody.h */ = {isa = PBXFileReference; fileEncoding = 4; lastKnownFileType = sourcecode.c.h; path = PressureBody.h; sourceTree = "<group>"; };
		F48F8454158B2B0F00396884 /* SpringBody.cpp */ = {isa = PBXFileReference; fileEncoding = 4; lastKnownFileType = sourcecode.cpp.cpp; path = SpringBody.cpp; sourceTree = "<group>"; };
		F48F8455158B2B0F00396884 /* SpringBody.h */ = {isa = PBXFileReference; fileEncoding = 4; lastKnownFileType = sourcecode.c.h; path = SpringBody.h; sourceTree = "<group>"; };
		F48F8456158B2B0F00396884 /* Vector2.cpp */ = {isa = PBXFileReference; fileEncoding = 4; lastKnownFileType = sourcecode.cpp.cpp; path = Vector2.cpp; sourceTree = "<group>"; };
		F48F8457158B2B0F00396884 /* Vector2.h */ = {isa = PBXFileReference; fileEncoding = 4; lastKnownFileType = sourcecode.c.h; path = Vector2.h; sourceTree = "<group>"; };
		F48F8458158B2B0F00396884 /* VectorTools.cpp */ = {isa = PBXFileReference; fileEncoding = 4; lastKnownFileType = sourcecode.cpp.cpp; path = VectorTools.cpp; sourceTree = "<group>"; };
		F48F8459158B2B0F00396884 /* VectorTools.h */ = {isa = PBXFileReference; fileEncoding = 4; lastKnownFileType = sourcecode.c.h; path = VectorTools.h; sourceTree = "<group>"; };
		F48F845A158B2B0F00396884 /* World.cpp */ = {isa = PBXFileReference; fileEncoding = 4; lastKnownFileType = sourcecode.cpp.cpp; path = World.cpp; sourceTree = "<group>"; };
		F48F845B158B2B0F00396884 /* World.h */ = {isa = PBXFileReference; fileEncoding = 4; lastKnownFileType = sourcecode.c.h; path = World.h; sourceTree = "<group>"; };
/* End PBXFileReference section */

/* Begin PBXFrameworksBuildPhase section */
		F48F8410158B2A9600396884 /* Frameworks */ = {
			isa = PBXFrameworksBuildPhase;
			buildActionMask = 2147483647;
			files = (
			);
			runOnlyForDeploymentPostprocessing = 0;
		};
/* End PBXFrameworksBuildPhase section */

/* Begin PBXGroup section */
		F48F8408158B2A9600396884 = {
			isa = PBXGroup;
			children = (
				F48F8416158B2A9600396884 /* jellyphysics */,
				F48F8414158B2A9600396884 /* Products */,
			);
			sourceTree = "<group>";
		};
		F48F8414158B2A9600396884 /* Products */ = {
			isa = PBXGroup;
			children = (
				F48F8413158B2A9600396884 /* jellyphysics */,
			);
			name = Products;
			sourceTree = "<group>";
		};
		F48F8416158B2A9600396884 /* jellyphysics */ = {
			isa = PBXGroup;
			children = (
				F48F8420158B2AB500396884 /* JellyPhysics_CPP */,
				F48F8417158B2A9600396884 /* main.cpp */,
			);
			path = jellyphysics;
			sourceTree = "<group>";
		};
		F48F8420158B2AB500396884 /* JellyPhysics_CPP */ = {
			isa = PBXGroup;
			children = (
				F48F8445158B2B0F00396884 /* AABB.cpp */,
				F48F8446158B2B0F00396884 /* AABB.h */,
				F48F8447158B2B0F00396884 /* Bitmask.h */,
				F48F8448158B2B0F00396884 /* Body.cpp */,
				F48F8449158B2B0F00396884 /* Body.h */,
				F48F844A158B2B0F00396884 /* ClosedShape.cpp */,
				F48F844B158B2B0F00396884 /* ClosedShape.h */,
				F48F844C158B2B0F00396884 /* InternalSpring.cpp */,
				F48F844D158B2B0F00396884 /* InternalSpring.h */,
				F48F844E158B2B0F00396884 /* JellyPhysics.h */,
				F48F844F158B2B0F00396884 /* JellyPrerequisites.h */,
				F48F8450158B2B0F00396884 /* PointMass.cpp */,
				F48F8451158B2B0F00396884 /* PointMass.h */,
				F48F8452158B2B0F00396884 /* PressureBody.cpp */,
				F48F8453158B2B0F00396884 /* PressureBody.h */,
				F48F8454158B2B0F00396884 /* SpringBody.cpp */,
				F48F8455158B2B0F00396884 /* SpringBody.h */,
				F48F8456158B2B0F00396884 /* Vector2.cpp */,
				F48F8457158B2B0F00396884 /* Vector2.h */,
				F48F8458158B2B0F00396884 /* VectorTools.cpp */,
				F48F8459158B2B0F00396884 /* VectorTools.h */,
				F48F845A158B2B0F00396884 /* World.cpp */,
				F48F845B158B2B0F00396884 /* World.h */,
			);
			name = JellyPhysics_CPP;
			path = JellyPhysics_CPP/JellyPhysics_CPP;
			sourceTree = "<group>";
		};
/* End PBXGroup section */

/* Begin PBXNativeTarget section */
		F48F8412158B2A9600396884 /* jellyphysics */ = {
			isa = PBXNativeTarget;
			buildConfigurationList = F48F841D158B2A9600396884 /* Build configuration list for PBXNativeTarget "jellyphysics" */;
			buildPhases = (
				F48F840F158B2A9600396884 /* Sources */,
				F48F8410158B2A9600396884 /* Frameworks */,
				F48F8411158B2A9600396884 /* CopyFiles */,
			);
			buildRules = (
			);
			dependencies = (
			);
			name = jellyphysics;
			productName = jellyphysics;
			productReference = F48F8413158B2A9600396884 /* jellyphysics */;
			productType = "com.apple.product-type.tool";
		};
/* End PBXNativeTarget section */

/* Begin PBXProject section */
		F48F840A158B2A9600396884 /* Project object */ = {
			isa = PBXProject;
			attributes = {
				LastUpgradeCheck = 0430;
			};
			buildConfigurationList = F48F840D158B2A9600396884 /* Build configuration list for PBXProject "jellyphysics" */;
			compatibilityVersion = "Xcode 3.2";
			developmentRegion = English;
			hasScannedForEncodings = 0;
			knownRegions = (
				en,
			);
			mainGroup = F48F8408158B2A9600396884;
			productRefGroup = F48F8414158B2A9600396884 /* Products */;
			projectDirPath = "";
			projectRoot = "";
			targets = (
				F48F8412158B2A9600396884 /* jellyphysics */,
			);
		};
/* End PBXProject section */

/* Begin PBXSourcesBuildPhase section */
		F48F840F158B2A9600396884 /* Sources */ = {
			isa = PBXSourcesBuildPhase;
			buildActionMask = 2147483647;
			files = (
				F48F8418158B2A9600396884 /* main.cpp in Sources */,
				F48F845C158B2B0F00396884 /* AABB.cpp in Sources */,
				F48F845D158B2B0F00396884 /* Body.cpp in Sources */,
				F48F845E158B2B0F00396884 /* ClosedShape.cpp in Sources */,
				F48F845F158B2B0F00396884 /* InternalSpring.cpp in Sources */,
				F48F8460158B2B0F00396884 /* PointMass.cpp in Sources */,
				F48F8461158B2B0F00396884 /* PressureBody.cpp in Sources */,
				F48F8462158B2B0F00396884 /* SpringBody.cpp in Sources */,
				F48F8463158B2B0F00396884 /* Vector2.cpp in Sources */,
				F48F8464158B2B0F00396884 /* VectorTools.cpp in Sources */,
				F48F8465158B2B0F00396884 /* World.cpp in Sources */,
			);
			runOnlyForDeploymentPostprocessing = 0;
		};
/* End PBXSourcesBuildPhase section */

/* Begin XCBuildConfiguration section */
		F48F841B158B2A9600396884 /* Debug */ = {
			isa = XCBuildConfiguration;
			buildSettings = {
				ALWAYS_SEARCH_USER_PATHS = NO;
				ARCHS = "$(ARCHS_STANDARD_64_BIT)";
				COPY_PHASE_STRIP = NO;
				GCC_C_LANGUAGE_STANDARD = gnu99;
				GCC_DYNAMIC_NO_PIC = NO;
				GCC_ENABLE_OBJC_EXCEPTIONS = YES;
				GCC_OPTIMIZATION_LEVEL = 0;
				GCC_PREPROCESSOR_DEFINITIONS = (
					"DEBUG=1",
					"$(inherited)",
				);
				GCC_SYMBOLS_PRIVATE_EXTERN = NO;
				GCC_VERSION = com.apple.compilers.llvm.clang.1_0;
				GCC_WARN_64_TO_32_BIT_CONVERSION = YES;
				GCC_WARN_ABOUT_RETURN_TYPE = YES;
				GCC_WARN_UNINITIALIZED_AUTOS = YES;
				GCC_WARN_UNUSED_VARIABLE = YES;
				MACOSX_DEPLOYMENT_TARGET = 10.7;
				ONLY_ACTIVE_ARCH = YES;
				SDKROOT = macosx;
			};
			name = Debug;
		};
		F48F841C158B2A9600396884 /* Release */ = {
			isa = XCBuildConfiguration;
			buildSettings = {
				ALWAYS_SEARCH_USER_PATHS = NO;
				ARCHS = "$(ARCHS_STANDARD_64_BIT)";
				COPY_PHASE_STRIP = YES;
				DEBUG_INFORMATION_FORMAT = "dwarf-with-dsym";
				GCC_C_LANGUAGE_STANDARD = gnu99;
				GCC_ENABLE_OBJC_EXCEPTIONS = YES;
				GCC_VERSION = com.apple.compilers.llvm.clang.1_0;
				GCC_WARN_64_TO_32_BIT_CONVERSION = YES;
				GCC_WARN_ABOUT_RETURN_TYPE = YES;
				GCC_WARN_UNINITIALIZED_AUTOS = YES;
				GCC_WARN_UNUSED_VARIABLE = YES;
				MACOSX_DEPLOYMENT_TARGET = 10.7;
				SDKROOT = macosx;
			};
			name = Release;
		};
		F48F841E158B2A9600396884 /* Debug */ = {
			isa = XCBuildConfiguration;
			buildSettings = {
				PRODUCT_NAME = "$(TARGET_NAME)";
			};
			name = Debug;
		};
		F48F841F158B2A9600396884 /* Release */ = {
			isa = XCBuildConfiguration;
			buildSettings = {
				PRODUCT_NAME = "$(TARGET_NAME)";
			};
			name = Release;
		};
/* End XCBuildConfiguration section */

/* Begin XCConfigurationList section */
		F48F840D158B2A9600396884 /* Build configuration list for PBXProject "jellyphysics" */ = {
			isa = XCConfigurationList;
			buildConfigurations = (
				F48F841B158B2A9600396884 /* Debug */,
				F48F841C158B2A9600396884 /* Release */,
			);
			defaultConfigurationIsVisible = 0;
			defaultConfigurationName = Release;
		};
		F48F841D158B2A9600396884 /* Build configuration list for PBXNativeTarget "jellyphysics" */ = {
			isa = XCConfigurationList;
			buildConfigurations = (
				F48F841E158B2A9600396884 /* Debug */,
				F48F841F158B2A9600396884 /* Release */,
			);
			defaultConfigurationIsVisible = 0;
		};
/* End XCConfigurationList section */
	};
	rootObject = F48F840A158B2A9600396884 /* Project object */;
}
